# THIS IS AN AUTOGENERATED FILE. DO NOT EDIT THIS FILE DIRECTLY.
# yarn lockfile v1


regexparam@^2.0.0:
  version "2.0.0"
  resolved "https://registry.yarnpkg.com/regexparam/-/regexparam-2.0.0.tgz#059476767d5f5f87f735fc7922d133fd1a118c8c"
  integrity sha512-gJKwd2MVPWHAIFLsaYDZfyKzHNS4o7E/v8YmNf44vmeV2e4YfVoDToTOKTvE7ab68cRJ++kLuEXJBaEeJVt5ow==
